
Microsoft Visual Studio Solution File, Format Version 12.00
# Visual Studio Version 16
VisualStudioVersion = 16.0.30804.86
MinimumVisualStudioVersion = 10.0.40219.1
Project("{FAE04EC0-301F-11D3-BF4B-00C04F79EFBC}") = "AlgorithmDemo2021", "AlgorithmDemo2021.csproj", "{2C987A6F-ED71-42F5-9B14-CFA7054D97A8}"
EndProject
Global
	GlobalSection(SolutionConfigurationPlatforms) = preSolution
		Debug|Any CPU = Debug|Any CPU
		Release|Any CPU = Release|Any CPU
	EndGlobalSection
	GlobalSection(ProjectConfigurationPlatforms) = postSolution
		{2C987A6F-ED71-42F5-9B14-CFA7054D97A8}.Debug|Any CPU.ActiveCfg = Debug|Any CPU
		{2C987A6F-ED71-42F5-9B14-CFA7054D97A8}.Debug|Any CPU.Build.0 = Debug|Any CPU
		{2C987A6F-ED71-42F5-9B14-CFA7054D97A8}.Release|Any CPU.ActiveCfg = Release|Any CPU
		{2C987A6F-ED71-42F5-9B14-CFA7054D97A8}.Release|Any CPU.Build.0 = Release|Any CPU
	EndGlobalSection
	GlobalSection(SolutionProperties) = preSolution
		HideSolutionNode = FALSE
	EndGlobalSection
	GlobalSection(ExtensibilityGlobals) = postSolution
		SolutionGuid = {7282E0F8-734E-4857-AF23-6BCFCF67537D}
	EndGlobalSection
EndGlobal
